{
  "name": "shakediff",
  "version": "0.2.0",
  "lockfileVersion": 1,
  "requires": true,
  "dependencies": {
    "@rollup/plugin-virtual": {
      "version": "2.0.3",
      "resolved": "https://registry.npmjs.org/@rollup/plugin-virtual/-/plugin-virtual-2.0.3.tgz",
      "integrity": "sha512-pw6ziJcyjZtntQ//bkad9qXaBx665SgEL8C8KI5wO8G5iU5MPxvdWrQyVaAvjojGm9tJoS8M9Z/EEepbqieYmw=="
    },
    "fsevents": {
      "version": "2.1.3",
      "resolved": "https://registry.npmjs.org/fsevents/-/fsevents-2.1.3.tgz",
      "integrity": "sha512-Auw9a4AxqWpa9GUfj370BMPzzyncfBABW8Mab7BGWBYDj4Isgq+cDKtx0i6u9jcX9pQDnswsaaOTgTmA5pEjuQ==",
      "optional": true
    },
    "minimist": {
      "version": "1.2.5",
      "resolved": "https://registry.npmjs.org/minimist/-/minimist-1.2.5.tgz",
      "integrity": "sha512-FM9nNUYrRBAELZQT3xeZQ7fmMOBg6nWNmJKTcgsJeaLstP/UODVpGsr5OhXhhXg6f+qtJ8uiZ+PUxkDWcgIXLw=="
    },
    "rollup": {
      "version": "2.26.7",
      "resolved": "https://registry.npmjs.org/rollup/-/rollup-2.26.7.tgz",
      "integrity": "sha512-3/aXJ+ibw2fqj6KBX4ioYcx8s3kseYXzyxLR6Xmm7Zakzd7WNvn9XDUahBCQ/oPVHmVO9gEeIYKHgFaZWqsJzg==",
      "requires": {
        "fsevents": "~2.1.2"
      }
    }
  }
}
